Microsoft Visual Studio Solution File, Format Version 12.00
# Visual Studio Version 17
VisualStudioVersion = 17.0.31903.59
MinimumVisualStudioVersion = 10.0.40219.1
Project("{9A19103F-16F7-4668-BE54-9A1E7A4F7556}") = "BallisticPenetration", "src\BallisticPenetration\BallisticPenetration.csproj", "{A42A78FC-9785-4D47-BD76-5C1B6755C0F9}"
EndProject
Project("{9A19103F-16F7-4668-BE54-9A1E7A4F7556}") = "BallisticPenetration.Validation", "tests\BallisticPenetration.Validation\BallisticPenetration.Validation.csproj", "{D6B51EFC-AC41-4371-8E53-7A3D2461AC41}"
EndProject
Global
	GlobalSection(SolutionConfigurationPlatforms) = preSolution
		Debug|Any CPU = Debug|Any CPU
		Release|Any CPU = Release|Any CPU
	EndGlobalSection
	GlobalSection(ProjectConfigurationPlatforms) = postSolution
		{A42A78FC-9785-4D47-BD76-5C1B6755C0F9}.Debug|Any CPU.ActiveCfg = Debug|Any CPU
		{A42A78FC-9785-4D47-BD76-5C1B6755C0F9}.Debug|Any CPU.Build.0 = Debug|Any CPU
		{A42A78FC-9785-4D47-BD76-5C1B6755C0F9}.Release|Any CPU.ActiveCfg = Release|Any CPU
		{A42A78FC-9785-4D47-BD76-5C1B6755C0F9}.Release|Any CPU.Build.0 = Release|Any CPU
		{D6B51EFC-AC41-4371-8E53-7A3D2461AC41}.Debug|Any CPU.ActiveCfg = Debug|Any CPU
		{D6B51EFC-AC41-4371-8E53-7A3D2461AC41}.Debug|Any CPU.Build.0 = Debug|Any CPU
		{D6B51EFC-AC41-4371-8E53-7A3D2461AC41}.Release|Any CPU.ActiveCfg = Release|Any CPU
		{D6B51EFC-AC41-4371-8E53-7A3D2461AC41}.Release|Any CPU.Build.0 = Release|Any CPU
	EndGlobalSection
EndGlobal
